
Microsoft Visual Studio Solution File, Format Version 12.00
# Visual Studio Version 16
VisualStudioVersion = 16.0.28803.352
MinimumVisualStudioVersion = 10.0.40219.1
Project("{9A19103F-16F7-4668-BE54-9A1E7A4F7556}") = "Hello", "Hello.csproj", "{D990926F-99CC-43ED-BEB6-081B80372945}"
EndProject
Global
	GlobalSection(SolutionConfigurationPlatforms) = preSolution
		Debug|Any CPU = Debug|Any CPU
		Release|Any CPU = Release|Any CPU
	EndGlobalSection
	GlobalSection(ProjectConfigurationPlatforms) = postSolution
		{D990926F-99CC-43ED-BEB6-081B80372945}.Debug|Any CPU.ActiveCfg = Debug|Any CPU
		{D990926F-99CC-43ED-BEB6-081B80372945}.Debug|Any CPU.Build.0 = Debug|Any CPU
		{D990926F-99CC-43ED-BEB6-081B80372945}.Release|Any CPU.ActiveCfg = Release|Any CPU
		{D990926F-99CC-43ED-BEB6-081B80372945}.Release|Any CPU.Build.0 = Release|Any CPU
	EndGlobalSection
	GlobalSection(SolutionProperties) = preSolution
		HideSolutionNode = FALSE
	EndGlobalSection
	GlobalSection(ExtensibilityGlobals) = postSolution
		SolutionGuid = {82C1FAFC-F681-4AAB-B745-3501781E5DA0}
	EndGlobalSection
EndGlobal
